// !$*UTF8*$!
{
	archiveVersion = 1;
	classes = {
	};
	objectVersion = 55;
	objects = {

/* Begin PBXBuildFile section */
		3549969628E33043000545C3 /* AppDelegate.swift in Sources */ = {isa = PBXBuildFile; fileRef = 3549969528E33043000545C3 /* AppDelegate.swift */; };
		3549969A28E33043000545C3 /* ViewController.swift in Sources */ = {isa = PBXBuildFile; fileRef = 3549969928E33043000545C3 /* ViewController.swift */; };
		3549969F28E33044000545C3 /* Assets.xcassets in Resources */ = {isa = PBXBuildFile; fileRef = 3549969E28E33044000545C3 /* Assets.xcassets */; };
		354996A228E33044000545C3 /* LaunchScreen.storyboard in Resources */ = {isa = PBXBuildFile; fileRef = 354996A028E33044000545C3 /* LaunchScreen.storyboard */; };
		355CFE0128F0498F000A337B /* Today.swift in Sources */ = {isa = PBXBuildFile; fileRef = 355CFE0028F0498F000A337B /* Today.swift */; };
		355CFE0328F049D4000A337B /* Daily.swift in Sources */ = {isa = PBXBuildFile; fileRef = 355CFE0228F049D4000A337B /* Daily.swift */; };
		355CFE0528F04C54000A337B /* Service.swift in Sources */ = {isa = PBXBuildFile; fileRef = 355CFE0428F04C54000A337B /* Service.swift */; };
		355CFE0728F19B59000A337B /* ServiceDaily.swift in Sources */ = {isa = PBXBuildFile; fileRef = 355CFE0628F19B59000A337B /* ServiceDaily.swift */; };
		355CFE0928F19F37000A337B /* Extension.swift in Sources */ = {isa = PBXBuildFile; fileRef = 355CFE0828F19F37000A337B /* Extension.swift */; };
		35713C7C28E8912F00A01554 /* HumidityView.swift in Sources */ = {isa = PBXBuildFile; fileRef = 35713C7B28E8912F00A01554 /* HumidityView.swift */; };
		35713C7E28EB17F500A01554 /* WindSpeedView.swift in Sources */ = {isa = PBXBuildFile; fileRef = 35713C7D28EB17F500A01554 /* WindSpeedView.swift */; };
		35713C8028EB1ACF00A01554 /* PressureView.swift in Sources */ = {isa = PBXBuildFile; fileRef = 35713C7F28EB1ACF00A01554 /* PressureView.swift */; };
		35713C8628EB272600A01554 /* DailyTVC.swift in Sources */ = {isa = PBXBuildFile; fileRef = 35713C8528EB272600A01554 /* DailyTVC.swift */; };
		35D3466428E5FFFE003BD9A5 /* TempView.swift in Sources */ = {isa = PBXBuildFile; fileRef = 35D3466328E5FFFE003BD9A5 /* TempView.swift */; };
		B6483DCB8E8FD7F7512E7436 /* Pods_Weather.framework in Frameworks */ = {isa = PBXBuildFile; fileRef = B1B013AB62D0F6153E8210CF /* Pods_Weather.framework */; };
/* End PBXBuildFile section */

/* Begin PBXFileReference section */
		3549969228E33043000545C3 /* Weather.app */ = {isa = PBXFileReference; explicitFileType = wrapper.application; includeInIndex = 0; path = Weather.app; sourceTree = BUILT_PRODUCTS_DIR; };
		3549969528E33043000545C3 /* AppDelegate.swift */ = {isa = PBXFileReference; lastKnownFileType = sourcecode.swift; path = AppDelegate.swift; sourceTree = "<group>"; };
		3549969928E33043000545C3 /* ViewController.swift */ = {isa = PBXFileReference; lastKnownFileType = sourcecode.swift; path = ViewController.swift; sourceTree = "<group>"; };
		3549969E28E33044000545C3 /* Assets.xcassets */ = {isa = PBXFileReference; lastKnownFileType = folder.assetcatalog; path = Assets.xcassets; sourceTree = "<group>"; };
		354996A128E33044000545C3 /* Base */ = {isa = PBXFileReference; lastKnownFileType = file.storyboard; name = Base; path = Base.lproj/LaunchScreen.storyboard; sourceTree = "<group>"; };
		354996A328E33044000545C3 /* Info.plist */ = {isa = PBXFileReference; lastKnownFileType = text.plist.xml; path = Info.plist; sourceTree = "<group>"; };
		355CFE0028F0498F000A337B /* Today.swift */ = {isa = PBXFileReference; lastKnownFileType = sourcecode.swift; path = Today.swift; sourceTree = "<group>"; };
		355CFE0228F049D4000A337B /* Daily.swift */ = {isa = PBXFileReference; lastKnownFileType = sourcecode.swift; path = Daily.swift; sourceTree = "<group>"; };
		355CFE0428F04C54000A337B /* Service.swift */ = {isa = PBXFileReference; lastKnownFileType = sourcecode.swift; path = Service.swift; sourceTree = "<group>"; };
		355CFE0628F19B59000A337B /* ServiceDaily.swift */ = {isa = PBXFileReference; lastKnownFileType = sourcecode.swift; path = ServiceDaily.swift; sourceTree = "<group>"; };
		355CFE0828F19F37000A337B /* Extension.swift */ = {isa = PBXFileReference; lastKnownFileType = sourcecode.swift; path = Extension.swift; sourceTree = "<group>"; };
		35713C7B28E8912F00A01554 /* HumidityView.swift */ = {isa = PBXFileReference; lastKnownFileType = sourcecode.swift; path = HumidityView.swift; sourceTree = "<group>"; };
		35713C7D28EB17F500A01554 /* WindSpeedView.swift */ = {isa = PBXFileReference; lastKnownFileType = sourcecode.swift; path = WindSpeedView.swift; sourceTree = "<group>"; };
		35713C7F28EB1ACF00A01554 /* PressureView.swift */ = {isa = PBXFileReference; lastKnownFileType = sourcecode.swift; path = PressureView.swift; sourceTree = "<group>"; };
		35713C8528EB272600A01554 /* DailyTVC.swift */ = {isa = PBXFileReference; lastKnownFileType = sourcecode.swift; path = DailyTVC.swift; sourceTree = "<group>"; };
		35D3466328E5FFFE003BD9A5 /* TempView.swift */ = {isa = PBXFileReference; lastKnownFileType = sourcecode.swift; path = TempView.swift; sourceTree = "<group>"; };
		47FDBA33ABBA056FB214D02F /* Pods-Weather.debug.xcconfig */ = {isa = PBXFileReference; includeInIndex = 1; lastKnownFileType = text.xcconfig; name = "Pods-Weather.debug.xcconfig"; path = "Target Support Files/Pods-Weather/Pods-Weather.debug.xcconfig"; sourceTree = "<group>"; };
		B1B013AB62D0F6153E8210CF /* Pods_Weather.framework */ = {isa = PBXFileReference; explicitFileType = wrapper.framework; includeInIndex = 0; path = Pods_Weather.framework; sourceTree = BUILT_PRODUCTS_DIR; };
		F7FFF7B20E247119FC7B7731 /* Pods-Weather.release.xcconfig */ = {isa = PBXFileReference; includeInIndex = 1; lastKnownFileType = text.xcconfig; name = "Pods-Weather.release.xcconfig"; path = "Target Support Files/Pods-Weather/Pods-Weather.release.xcconfig"; sourceTree = "<group>"; };
/* End PBXFileReference section */

/* Begin PBXFrameworksBuildPhase section */
		3549968F28E33043000545C3 /* Frameworks */ = {
			isa = PBXFrameworksBuildPhase;
			buildActionMask = 2147483647;
			files = (
				B6483DCB8E8FD7F7512E7436 /* Pods_Weather.framework in Frameworks */,
			);
			runOnlyForDeploymentPostprocessing = 0;
		};
/* End PBXFrameworksBuildPhase section */

/* Begin PBXGroup section */
		0129B7C556FD7BA46AD7418E /* Frameworks */ = {
			isa = PBXGroup;
			children = (
				B1B013AB62D0F6153E8210CF /* Pods_Weather.framework */,
			);
			name = Frameworks;
			sourceTree = "<group>";
		};
		3549968928E33043000545C3 = {
			isa = PBXGroup;
			children = (
				3549969428E33043000545C3 /* Weather */,
				3549969328E33043000545C3 /* Products */,
				CBFCF8F7CFEA1F07B40EB832 /* Pods */,
				0129B7C556FD7BA46AD7418E /* Frameworks */,
			);
			sourceTree = "<group>";
		};
		3549969328E33043000545C3 /* Products */ = {
			isa = PBXGroup;
			children = (
				3549969228E33043000545C3 /* Weather.app */,
			);
			name = Products;
			sourceTree = "<group>";
		};
		3549969428E33043000545C3 /* Weather */ = {
			isa = PBXGroup;
			children = (
				355CFE0A28F1ADBF000A337B /* Extension */,
				355CFDF928EF28EA000A337B /* Network */,
				355CFDFA28EF2907000A337B /* Views */,
				35713C8928EB277500A01554 /* DailyTable */,
				3549969528E33043000545C3 /* AppDelegate.swift */,
				3549969928E33043000545C3 /* ViewController.swift */,
				3549969E28E33044000545C3 /* Assets.xcassets */,
				354996A028E33044000545C3 /* LaunchScreen.storyboard */,
				354996A328E33044000545C3 /* Info.plist */,
			);
			path = Weather;
			sourceTree = "<group>";
		};
		355CFDF928EF28EA000A337B /* Network */ = {
			isa = PBXGroup;
			children = (
				355CFDFB28EF2982000A337B /* Model */,
				355CFE0428F04C54000A337B /* Service.swift */,
				355CFE0628F19B59000A337B /* ServiceDaily.swift */,
			);
			path = Network;
			sourceTree = "<group>";
		};
		355CFDFA28EF2907000A337B /* Views */ = {
			isa = PBXGroup;
			children = (
				35D3466328E5FFFE003BD9A5 /* TempView.swift */,
				35713C7B28E8912F00A01554 /* HumidityView.swift */,
				35713C7D28EB17F500A01554 /* WindSpeedView.swift */,
				35713C7F28EB1ACF00A01554 /* PressureView.swift */,
			);
			path = Views;
			sourceTree = "<group>";
		};
		355CFDFB28EF2982000A337B /* Model */ = {
			isa = PBXGroup;
			children = (
				355CFE0028F0498F000A337B /* Today.swift */,
				355CFE0228F049D4000A337B /* Daily.swift */,
			);
			path = Model;
			sourceTree = "<group>";
		};
		355CFE0A28F1ADBF000A337B /* Extension */ = {
			isa = PBXGroup;
			children = (
				355CFE0828F19F37000A337B /* Extension.swift */,
			);
			path = Extension;
			sourceTree = "<group>";
		};
		35713C8928EB277500A01554 /* DailyTable */ = {
			isa = PBXGroup;
			children = (
				35713C8528EB272600A01554 /* DailyTVC.swift */,
			);
			path = DailyTable;
			sourceTree = "<group>";
		};
		CBFCF8F7CFEA1F07B40EB832 /* Pods */ = {
			isa = PBXGroup;
			children = (
				47FDBA33ABBA056FB214D02F /* Pods-Weather.debug.xcconfig */,
				F7FFF7B20E247119FC7B7731 /* Pods-Weather.release.xcconfig */,
			);
			path = Pods;
			sourceTree = "<group>";
		};
/* End PBXGroup section */

/* Begin PBXNativeTarget section */
		3549969128E33043000545C3 /* Weather */ = {
			isa = PBXNativeTarget;
			buildConfigurationList = 354996A628E33044000545C3 /* Build configuration list for PBXNativeTarget "Weather" */;
			buildPhases = (
				10FE5967DFD0B64742221542 /* [CP] Check Pods Manifest.lock */,
				3549968E28E33043000545C3 /* Sources */,
				3549968F28E33043000545C3 /* Frameworks */,
				3549969028E33043000545C3 /* Resources */,
				7CDDF52D1829009ED634C8C3 /* [CP] Embed Pods Frameworks */,
			);
			buildRules = (
			);
			dependencies = (
			);
			name = Weather;
			productName = Weather;
			productReference = 3549969228E33043000545C3 /* Weather.app */;
			productType = "com.apple.product-type.application";
		};
/* End PBXNativeTarget section */

/* Begin PBXProject section */
		3549968A28E33043000545C3 /* Project object */ = {
			isa = PBXProject;
			attributes = {
				BuildIndependentTargetsInParallel = 1;
				LastSwiftUpdateCheck = 1340;
				LastUpgradeCheck = 1340;
				TargetAttributes = {
					3549969128E33043000545C3 = {
						CreatedOnToolsVersion = 13.4.1;
					};
				};
			};
			buildConfigurationList = 3549968D28E33043000545C3 /* Build configuration list for PBXProject "Weather" */;
			compatibilityVersion = "Xcode 13.0";
			developmentRegion = en;
			hasScannedForEncodings = 0;
			knownRegions = (
				en,
				Base,
			);
			mainGroup = 3549968928E33043000545C3;
			productRefGroup = 3549969328E33043000545C3 /* Products */;
			projectDirPath = "";
			projectRoot = "";
			targets = (
				3549969128E33043000545C3 /* Weather */,
			);
		};
/* End PBXProject section */

/* Begin PBXResourcesBuildPhase section */
		3549969028E33043000545C3 /* Resources */ = {
			isa = PBXResourcesBuildPhase;
			buildActionMask = 2147483647;
			files = (
				354996A228E33044000545C3 /* LaunchScreen.storyboard in Resources */,
				3549969F28E33044000545C3 /* Assets.xcassets in Resources */,
			);
			runOnlyForDeploymentPostprocessing = 0;
		};
/* End PBXResourcesBuildPhase section */

/* Begin PBXShellScriptBuildPhase section */
		10FE5967DFD0B64742221542 /* [CP] Check Pods Manifest.lock */ = {
			isa = PBXShellScriptBuildPhase;
			buildActionMask = 2147483647;
			files = (
			);
			inputFileListPaths = (
			);
			inputPaths = (
				"${PODS_PODFILE_DIR_PATH}/Podfile.lock",
				"${PODS_ROOT}/Manifest.lock",
			);
			name = "[CP] Check Pods Manifest.lock";
			outputFileListPaths = (
			);
			outputPaths = (
				"$(DERIVED_FILE_DIR)/Pods-Weather-checkManifestLockResult.txt",
			);
			runOnlyForDeploymentPostprocessing = 0;
			shellPath = /bin/sh;
			shellScript = "diff \"${PODS_PODFILE_DIR_PATH}/Podfile.lock\" \"${PODS_ROOT}/Manifest.lock\" > /dev/null\nif [ $? != 0 ] ; then\n    # print error to STDERR\n    echo \"error: The sandbox is not in sync with the Podfile.lock. Run 'pod install' or update your CocoaPods installation.\" >&2\n    exit 1\nfi\n# This output is used by Xcode 'outputs' to avoid re-running this script phase.\necho \"SUCCESS\" > \"${SCRIPT_OUTPUT_FILE_0}\"\n";
			showEnvVarsInLog = 0;
		};
		7CDDF52D1829009ED634C8C3 /* [CP] Embed Pods Frameworks */ = {
			isa = PBXShellScriptBuildPhase;
			buildActionMask = 2147483647;
			files = (
			);
			inputFileListPaths = (
				"${PODS_ROOT}/Target Support Files/Pods-Weather/Pods-Weather-frameworks-${CONFIGURATION}-input-files.xcfilelist",
			);
			name = "[CP] Embed Pods Frameworks";
			outputFileListPaths = (
				"${PODS_ROOT}/Target Support Files/Pods-Weather/Pods-Weather-frameworks-${CONFIGURATION}-output-files.xcfilelist",
			);
			runOnlyForDeploymentPostprocessing = 0;
			shellPath = /bin/sh;
			shellScript = "\"${PODS_ROOT}/Target Support Files/Pods-Weather/Pods-Weather-frameworks.sh\"\n";
			showEnvVarsInLog = 0;
		};
/* End PBXShellScriptBuildPhase section */

/* Begin PBXSourcesBuildPhase section */
		3549968E28E33043000545C3 /* Sources */ = {
			isa = PBXSourcesBuildPhase;
			buildActionMask = 2147483647;
			files = (
				35713C8028EB1ACF00A01554 /* PressureView.swift in Sources */,
				355CFE0528F04C54000A337B /* Service.swift in Sources */,
				35713C8628EB272600A01554 /* DailyTVC.swift in Sources */,
				35713C7E28EB17F500A01554 /* WindSpeedView.swift in Sources */,
				355CFE0128F0498F000A337B /* Today.swift in Sources */,
				355CFE0928F19F37000A337B /* Extension.swift in Sources */,
				355CFE0728F19B59000A337B /* ServiceDaily.swift in Sources */,
				3549969A28E33043000545C3 /* ViewController.swift in Sources */,
				355CFE0328F049D4000A337B /* Daily.swift in Sources */,
				35713C7C28E8912F00A01554 /* HumidityView.swift in Sources */,
				3549969628E33043000545C3 /* AppDelegate.swift in Sources */,
				35D3466428E5FFFE003BD9A5 /* TempView.swift in Sources */,
			);
			runOnlyForDeploymentPostprocessing = 0;
		};
/* End PBXSourcesBuildPhase section */

/* Begin PBXVariantGroup section */
		354996A028E33044000545C3 /* LaunchScreen.storyboard */ = {
			isa = PBXVariantGroup;
			children = (
				354996A128E33044000545C3 /* Base */,
			);
			name = LaunchScreen.storyboard;
			sourceTree = "<group>";
		};
/* End PBXVariantGroup section */

/* Begin XCBuildConfiguration section */
		354996A428E33044000545C3 /* Debug */ = {
			isa = XCBuildConfiguration;
			buildSettings = {
				ALWAYS_SEARCH_USER_PATHS = NO;
				CLANG_ANALYZER_NONNULL = YES;
				CLANG_ANALYZER_NUMBER_OBJECT_CONVERSION = YES_AGGRESSIVE;
				CLANG_CXX_LANGUAGE_STANDARD = "gnu++17";
				CLANG_ENABLE_MODULES = YES;
				CLANG_ENABLE_OBJC_ARC = YES;
				CLANG_ENABLE_OBJC_WEAK = YES;
				CLANG_WARN_BLOCK_CAPTURE_AUTORELEASING = YES;
				CLANG_WARN_BOOL_CONVERSION = YES;
				CLANG_WARN_COMMA = YES;
				CLANG_WARN_CONSTANT_CONVERSION = YES;
				CLANG_WARN_DEPRECATED_OBJC_IMPLEMENTATIONS = YES;
				CLANG_WARN_DIRECT_OBJC_ISA_USAGE = YES_ERROR;
				CLANG_WARN_DOCUMENTATION_COMMENTS = YES;
				CLANG_WARN_EMPTY_BODY = YES;
				CLANG_WARN_ENUM_CONVERSION = YES;
				CLANG_WARN_INFINITE_RECURSION = YES;
				CLANG_WARN_INT_CONVERSION = YES;
				CLANG_WARN_NON_LITERAL_NULL_CONVERSION = YES;
				CLANG_WARN_OBJC_IMPLICIT_RETAIN_SELF = YES;
				CLANG_WARN_OBJC_LITERAL_CONVERSION = YES;
				CLANG_WARN_OBJC_ROOT_CLASS = YES_ERROR;
				CLANG_WARN_QUOTED_INCLUDE_IN_FRAMEWORK_HEADER = YES;
				CLANG_WARN_RANGE_LOOP_ANALYSIS = YES;
				CLANG_WARN_STRICT_PROTOTYPES = YES;
				CLANG_WARN_SUSPICIOUS_MOVE = YES;
				CLANG_WARN_UNGUARDED_AVAILABILITY = YES_AGGRESSIVE;
				CLANG_WARN_UNREACHABLE_CODE = YES;
				CLANG_WARN__DUPLICATE_METHOD_MATCH = YES;
				COPY_PHASE_STRIP = NO;
				DEBUG_INFORMATION_FORMAT = dwarf;
				ENABLE_STRICT_OBJC_MSGSEND = YES;
				ENABLE_TESTABILITY = YES;
				GCC_C_LANGUAGE_STANDARD = gnu11;
				GCC_DYNAMIC_NO_PIC = NO;
				GCC_NO_COMMON_BLOCKS = YES;
				GCC_OPTIMIZATION_LEVEL = 0;
				GCC_PREPROCESSOR_DEFINITIONS = (
					"DEBUG=1",
					"$(inherited)",
				);
				GCC_WARN_64_TO_32_BIT_CONVERSION = YES;
				GCC_WARN_ABOUT_RETURN_TYPE = YES_ERROR;
				GCC_WARN_UNDECLARED_SELECTOR = YES;
				GCC_WARN_UNINITIALIZED_AUTOS = YES_AGGRESSIVE;
				GCC_WARN_UNUSED_FUNCTION = YES;
				GCC_WARN_UNUSED_VARIABLE = YES;
				IPHONEOS_DEPLOYMENT_TARGET = 15.5;
				MTL_ENABLE_DEBUG_INFO = INCLUDE_SOURCE;
				MTL_FAST_MATH = YES;
				ONLY_ACTIVE_ARCH = YES;
				SDKROOT = iphoneos;
				SWIFT_ACTIVE_COMPILATION_CONDITIONS = DEBUG;
				SWIFT_OPTIMIZATION_LEVEL = "-Onone";
			};
			name = Debug;
		};
		354996A528E33044000545C3 /* Release */ = {
			isa = XCBuildConfiguration;
			buildSettings = {
				ALWAYS_SEARCH_USER_PATHS = NO;
				CLANG_ANALYZER_NONNULL = YES;
				CLANG_ANALYZER_NUMBER_OBJECT_CONVERSION = YES_AGGRESSIVE;
				CLANG_CXX_LANGUAGE_STANDARD = "gnu++17";
				CLANG_ENABLE_MODULES = YES;
				CLANG_ENABLE_OBJC_ARC = YES;
				CLANG_ENABLE_OBJC_WEAK = YES;
				CLANG_WARN_BLOCK_CAPTURE_AUTORELEASING = YES;
				CLANG_WARN_BOOL_CONVERSION = YES;
				CLANG_WARN_COMMA = YES;
				CLANG_WARN_CONSTANT_CONVERSION = YES;
				CLANG_WARN_DEPRECATED_OBJC_IMPLEMENTATIONS = YES;
				CLANG_WARN_DIRECT_OBJC_ISA_USAGE = YES_ERROR;
				CLANG_WARN_DOCUMENTATION_COMMENTS = YES;
				CLANG_WARN_EMPTY_BODY = YES;
				CLANG_WARN_ENUM_CONVERSION = YES;
				CLANG_WARN_INFINITE_RECURSION = YES;
				CLANG_WARN_INT_CONVERSION = YES;
				CLANG_WARN_NON_LITERAL_NULL_CONVERSION = YES;
				CLANG_WARN_OBJC_IMPLICIT_RETAIN_SELF = YES;
				CLANG_WARN_OBJC_LITERAL_CONVERSION = YES;
				CLANG_WARN_OBJC_ROOT_CLASS = YES_ERROR;
				CLANG_WARN_QUOTED_INCLUDE_IN_FRAMEWORK_HEADER = YES;
				CLANG_WARN_RANGE_LOOP_ANALYSIS = YES;
				CLANG_WARN_STRICT_PROTOTYPES = YES;
				CLANG_WARN_SUSPICIOUS_MOVE = YES;
				CLANG_WARN_UNGUARDED_AVAILABILITY = YES_AGGRESSIVE;
				CLANG_WARN_UNREACHABLE_CODE = YES;
				CLANG_WARN__DUPLICATE_METHOD_MATCH = YES;
				COPY_PHASE_STRIP = NO;
				DEBUG_INFORMATION_FORMAT = "dwarf-with-dsym";
				ENABLE_NS_ASSERTIONS = NO;
				ENABLE_STRICT_OBJC_MSGSEND = YES;
				GCC_C_LANGUAGE_STANDARD = gnu11;
				GCC_NO_COMMON_BLOCKS = YES;
				GCC_WARN_64_TO_32_BIT_CONVERSION = YES;
				GCC_WARN_ABOUT_RETURN_TYPE = YES_ERROR;
				GCC_WARN_UNDECLARED_SELECTOR = YES;
				GCC_WARN_UNINITIALIZED_AUTOS = YES_AGGRESSIVE;
				GCC_WARN_UNUSED_FUNCTION = YES;
				GCC_WARN_UNUSED_VARIABLE = YES;
				IPHONEOS_DEPLOYMENT_TARGET = 15.5;
				MTL_ENABLE_DEBUG_INFO = NO;
				MTL_FAST_MATH = YES;
				SDKROOT = iphoneos;
				SWIFT_COMPILATION_MODE = wholemodule;
				SWIFT_OPTIMIZATION_LEVEL = "-O";
				VALIDATE_PRODUCT = YES;
			};
			name = Release;
		};
		354996A728E33044000545C3 /* Debug */ = {
			isa = XCBuildConfiguration;
			baseConfigurationReference = 47FDBA33ABBA056FB214D02F /* Pods-Weather.debug.xcconfig */;
			buildSettings = {
				ASSETCATALOG_COMPILER_APPICON_NAME = AppIcon;
				ASSETCATALOG_COMPILER_GLOBAL_ACCENT_COLOR_NAME = AccentColor;
				CODE_SIGN_STYLE = Automatic;
				CURRENT_PROJECT_VERSION = 1;
				DEVELOPMENT_TEAM = CM68ARA6G3;
				GENERATE_INFOPLIST_FILE = YES;
				INFOPLIST_FILE = Weather/Info.plist;
				INFOPLIST_KEY_UIApplicationSupportsIndirectInputEvents = YES;
				INFOPLIST_KEY_UILaunchStoryboardName = LaunchScreen;
				INFOPLIST_KEY_UISupportedInterfaceOrientations_iPad = "UIInterfaceOrientationPortrait UIInterfaceOrientationPortraitUpsideDown UIInterfaceOrientationLandscapeLeft UIInterfaceOrientationLandscapeRight";
				INFOPLIST_KEY_UISupportedInterfaceOrientations_iPhone = "UIInterfaceOrientationPortrait UIInterfaceOrientationLandscapeLeft UIInterfaceOrientationLandscapeRight";
				LD_RUNPATH_SEARCH_PATHS = (
					"$(inherited)",
					"@executable_path/Frameworks",
				);
				MARKETING_VERSION = 1.0;
				PRODUCT_BUNDLE_IDENTIFIER = "Valentina-Divina.Weather";
				PRODUCT_NAME = "$(TARGET_NAME)";
				SWIFT_EMIT_LOC_STRINGS = YES;
				SWIFT_VERSION = 5.0;
				TARGETED_DEVICE_FAMILY = "1,2";
			};
			name = Debug;
		};
		354996A828E33044000545C3 /* Release */ = {
			isa = XCBuildConfiguration;
			baseConfigurationReference = F7FFF7B20E247119FC7B7731 /* Pods-Weather.release.xcconfig */;
			buildSettings = {
				ASSETCATALOG_COMPILER_APPICON_NAME = AppIcon;
				ASSETCATALOG_COMPILER_GLOBAL_ACCENT_COLOR_NAME = AccentColor;
				CODE_SIGN_STYLE = Automatic;
				CURRENT_PROJECT_VERSION = 1;
				DEVELOPMENT_TEAM = CM68ARA6G3;
				GENERATE_INFOPLIST_FILE = YES;
				INFOPLIST_FILE = Weather/Info.plist;
				INFOPLIST_KEY_UIApplicationSupportsIndirectInputEvents = YES;
				INFOPLIST_KEY_UILaunchStoryboardName = LaunchScreen;
				INFOPLIST_KEY_UISupportedInterfaceOrientations_iPad = "UIInterfaceOrientationPortrait UIInterfaceOrientationPortraitUpsideDown UIInterfaceOrientationLandscapeLeft UIInterfaceOrientationLandscapeRight";
				INFOPLIST_KEY_UISupportedInterfaceOrientations_iPhone = "UIInterfaceOrientationPortrait UIInterfaceOrientationLandscapeLeft UIInterfaceOrientationLandscapeRight";
				LD_RUNPATH_SEARCH_PATHS = (
					"$(inherited)",
					"@executable_path/Frameworks",
				);
				MARKETING_VERSION = 1.0;
				PRODUCT_BUNDLE_IDENTIFIER = "Valentina-Divina.Weather";
				PRODUCT_NAME = "$(TARGET_NAME)";
				SWIFT_EMIT_LOC_STRINGS = YES;
				SWIFT_VERSION = 5.0;
				TARGETED_DEVICE_FAMILY = "1,2";
			};
			name = Release;
		};
/* End XCBuildConfiguration section */

/* Begin XCConfigurationList section */
		3549968D28E33043000545C3 /* Build configuration list for PBXProject "Weather" */ = {
			isa = XCConfigurationList;
			buildConfigurations = (
				354996A428E33044000545C3 /* Debug */,
				354996A528E33044000545C3 /* Release */,
			);
			defaultConfigurationIsVisible = 0;
			defaultConfigurationName = Release;
		};
		354996A628E33044000545C3 /* Build configuration list for PBXNativeTarget "Weather" */ = {
			isa = XCConfigurationList;
			buildConfigurations = (
				354996A728E33044000545C3 /* Debug */,
				354996A828E33044000545C3 /* Release */,
			);
			defaultConfigurationIsVisible = 0;
			defaultConfigurationName = Release;
		};
/* End XCConfigurationList section */
	};
	rootObject = 3549968A28E33043000545C3 /* Project object */;
}
